
Microsoft Visual Studio Solution File, Format Version 12.00
# Visual Studio Version 16
VisualStudioVersion = 16.0.29424.173
MinimumVisualStudioVersion = 10.0.40219.1
Project("{FAE04EC0-301F-11D3-BF4B-00C04F79EFBC}") = "DAMNM", "DAMNM.csproj", "{DDC3DFB3-ED46-4FEB-9892-BC4F941BA3B3}"
EndProject
Global
	GlobalSection(SolutionConfigurationPlatforms) = preSolution
		Debug|Any CPU = Debug|Any CPU
		Release|Any CPU = Release|Any CPU
	EndGlobalSection
	GlobalSection(ProjectConfigurationPlatforms) = postSolution
		{DDC3DFB3-ED46-4FEB-9892-BC4F941BA3B3}.Debug|Any CPU.ActiveCfg = Debug|Any CPU
		{DDC3DFB3-ED46-4FEB-9892-BC4F941BA3B3}.Debug|Any CPU.Build.0 = Debug|Any CPU
		{DDC3DFB3-ED46-4FEB-9892-BC4F941BA3B3}.Release|Any CPU.ActiveCfg = Release|Any CPU
		{DDC3DFB3-ED46-4FEB-9892-BC4F941BA3B3}.Release|Any CPU.Build.0 = Release|Any CPU
	EndGlobalSection
	GlobalSection(SolutionProperties) = preSolution
		HideSolutionNode = FALSE
	EndGlobalSection
	GlobalSection(ExtensibilityGlobals) = postSolution
		SolutionGuid = {3FD7C05E-1BE3-47D0-B3C6-63079A0F7FC3}
	EndGlobalSection
EndGlobal
